
Microsoft Visual Studio Solution File, Format Version 12.00
# Visual Studio Version 16
VisualStudioVersion = 16.0.30503.244
MinimumVisualStudioVersion = 10.0.40219.1
Project("{FAE04EC0-301F-11D3-BF4B-00C04F79EFBC}") = "L15_1_StudentsByGroup", "L15_1_StudentsByGroup\L15_1_StudentsByGroup.csproj", "{359807A8-1AA9-47DB-882B-D6060654A8CD}"
EndProject
Project("{FAE04EC0-301F-11D3-BF4B-00C04F79EFBC}") = "L15_2_StudentsByFirstAndLastName", "L15_2_StudentsByFirstAndLastName\L15_2_StudentsByFirstAndLastName.csproj", "{3ED22F08-3797-47FC-98FC-56DA3F3380A1}"
EndProject
Project("{FAE04EC0-301F-11D3-BF4B-00C04F79EFBC}") = "L15_3_StudentsByAge", "L15_3_StudentsByAge\L15_3_StudentsByAge.csproj", "{14721146-9171-4032-9809-2E290F18BF97}"
EndProject
Project("{FAE04EC0-301F-11D3-BF4B-00C04F79EFBC}") = "L15_4_SortStudents", "L15_4_SortStudents\L15_4_SortStudents.csproj", "{5CB839B6-A726-42ED-80C4-CA1AFDD5FB4B}"
EndProject
Global
	GlobalSection(SolutionConfigurationPlatforms) = preSolution
		Debug|Any CPU = Debug|Any CPU
		Release|Any CPU = Release|Any CPU
	EndGlobalSection
	GlobalSection(ProjectConfigurationPlatforms) = postSolution
		{359807A8-1AA9-47DB-882B-D6060654A8CD}.Debug|Any CPU.ActiveCfg = Debug|Any CPU
		{359807A8-1AA9-47DB-882B-D6060654A8CD}.Debug|Any CPU.Build.0 = Debug|Any CPU
		{359807A8-1AA9-47DB-882B-D6060654A8CD}.Release|Any CPU.ActiveCfg = Release|Any CPU
		{359807A8-1AA9-47DB-882B-D6060654A8CD}.Release|Any CPU.Build.0 = Release|Any CPU
		{3ED22F08-3797-47FC-98FC-56DA3F3380A1}.Debug|Any CPU.ActiveCfg = Debug|Any CPU
		{3ED22F08-3797-47FC-98FC-56DA3F3380A1}.Debug|Any CPU.Build.0 = Debug|Any CPU
		{3ED22F08-3797-47FC-98FC-56DA3F3380A1}.Release|Any CPU.ActiveCfg = Release|Any CPU
		{3ED22F08-3797-47FC-98FC-56DA3F3380A1}.Release|Any CPU.Build.0 = Release|Any CPU
		{14721146-9171-4032-9809-2E290F18BF97}.Debug|Any CPU.ActiveCfg = Debug|Any CPU
		{14721146-9171-4032-9809-2E290F18BF97}.Debug|Any CPU.Build.0 = Debug|Any CPU
		{14721146-9171-4032-9809-2E290F18BF97}.Release|Any CPU.ActiveCfg = Release|Any CPU
		{14721146-9171-4032-9809-2E290F18BF97}.Release|Any CPU.Build.0 = Release|Any CPU
		{5CB839B6-A726-42ED-80C4-CA1AFDD5FB4B}.Debug|Any CPU.ActiveCfg = Debug|Any CPU
		{5CB839B6-A726-42ED-80C4-CA1AFDD5FB4B}.Debug|Any CPU.Build.0 = Debug|Any CPU
		{5CB839B6-A726-42ED-80C4-CA1AFDD5FB4B}.Release|Any CPU.ActiveCfg = Release|Any CPU
		{5CB839B6-A726-42ED-80C4-CA1AFDD5FB4B}.Release|Any CPU.Build.0 = Release|Any CPU
	EndGlobalSection
	GlobalSection(SolutionProperties) = preSolution
		HideSolutionNode = FALSE
	EndGlobalSection
	GlobalSection(ExtensibilityGlobals) = postSolution
		SolutionGuid = {D10B0588-B740-49B1-A50B-A5A36BA22270}
	EndGlobalSection
EndGlobal
