
Microsoft Visual Studio Solution File, Format Version 12.00
# Visual Studio Version 16
VisualStudioVersion = 16.0.30503.244
MinimumVisualStudioVersion = 10.0.40219.1
Project("{FAE04EC0-301F-11D3-BF4B-00C04F79EFBC}") = "L15_1_StudentsByGroup", "L15_1_StudentsByGroup\L15_1_StudentsByGroup.csproj", "{359807A8-1AA9-47DB-882B-D6060654A8CD}"
EndProject
Project("{FAE04EC0-301F-11D3-BF4B-00C04F79EFBC}") = "L15_2_StudentsByFirstAndLastName", "L15_2_StudentsByFirstAndLastName\L15_2_StudentsByFirstAndLastName.csproj", "{3ED22F08-3797-47FC-98FC-56DA3F3380A1}"
EndProject
Project("{FAE04EC0-301F-11D3-BF4B-00C04F79EFBC}") = "L15_3_StudentsByAge", "L15_3_StudentsByAge\L15_3_StudentsByAge.csproj", "{14721146-9171-4032-9809-2E290F18BF97}"
EndProject
Project("{FAE04EC0-301F-11D3-BF4B-00C04F79EFBC}") = "L15_4_SortStudents", "L15_4_SortStudents\L15_4_SortStudents.csproj", "{5CB839B6-A726-42ED-80C4-CA1AFDD5FB4B}"
EndProject
Project("{FAE04EC0-301F-11D3-BF4B-00C04F79EFBC}") = "L15_5_FilterStudentsByEmailDomain", "L15_5_FilterStudentsByEmailDomain\L15_5_FilterStudentsByEmailDomain.csproj", "{44B25267-38FC-4778-909C-5B99CAF251DE}"
EndProject
Project("{FAE04EC0-301F-11D3-BF4B-00C04F79EFBC}") = "L15_6_FilterStudentsByPhone", "L15_6_FilterStudentsByPhone\L15_6_FilterStudentsByPhone.csproj", "{E9A075C0-E313-4C82-9CD5-DEB3A7831F89}"
EndProject
Project("{FAE04EC0-301F-11D3-BF4B-00C04F79EFBC}") = "L15_7_ExcellentStudents", "L15_7_ExcellentStudents\L15_7_ExcellentStudents.csproj", "{634E27AF-3F73-48FC-9EEF-D08A54585B87}"
EndProject
Project("{FAE04EC0-301F-11D3-BF4B-00C04F79EFBC}") = "L15_8_WeakStudents", "L15_8_WeakStudents\L15_8_WeakStudents.csproj", "{3C64A4AF-5C47-4629-B6DD-4F19E607190F}"
EndProject
Project("{FAE04EC0-301F-11D3-BF4B-00C04F79EFBC}") = "L15_9_StudentsEnrolled", "L15_9_StudentsEnrolled\L15_9_StudentsEnrolled.csproj", "{9BA8FD78-63CE-43DE-A072-651D90F1BE92}"
EndProject
Project("{FAE04EC0-301F-11D3-BF4B-00C04F79EFBC}") = "L15_10_GroupByGroup", "L15_10_GroupByGroup\L15_10_GroupByGroup.csproj", "{35963FC3-6934-46E1-BCA7-01188D414A69}"
EndProject
Global
	GlobalSection(SolutionConfigurationPlatforms) = preSolution
		Debug|Any CPU = Debug|Any CPU
		Release|Any CPU = Release|Any CPU
	EndGlobalSection
	GlobalSection(ProjectConfigurationPlatforms) = postSolution
		{359807A8-1AA9-47DB-882B-D6060654A8CD}.Debug|Any CPU.ActiveCfg = Debug|Any CPU
		{359807A8-1AA9-47DB-882B-D6060654A8CD}.Debug|Any CPU.Build.0 = Debug|Any CPU
		{359807A8-1AA9-47DB-882B-D6060654A8CD}.Release|Any CPU.ActiveCfg = Release|Any CPU
		{359807A8-1AA9-47DB-882B-D6060654A8CD}.Release|Any CPU.Build.0 = Release|Any CPU
		{3ED22F08-3797-47FC-98FC-56DA3F3380A1}.Debug|Any CPU.ActiveCfg = Debug|Any CPU
		{3ED22F08-3797-47FC-98FC-56DA3F3380A1}.Debug|Any CPU.Build.0 = Debug|Any CPU
		{3ED22F08-3797-47FC-98FC-56DA3F3380A1}.Release|Any CPU.ActiveCfg = Release|Any CPU
		{3ED22F08-3797-47FC-98FC-56DA3F3380A1}.Release|Any CPU.Build.0 = Release|Any CPU
		{14721146-9171-4032-9809-2E290F18BF97}.Debug|Any CPU.ActiveCfg = Debug|Any CPU
		{14721146-9171-4032-9809-2E290F18BF97}.Debug|Any CPU.Build.0 = Debug|Any CPU
		{14721146-9171-4032-9809-2E290F18BF97}.Release|Any CPU.ActiveCfg = Release|Any CPU
		{14721146-9171-4032-9809-2E290F18BF97}.Release|Any CPU.Build.0 = Release|Any CPU
		{5CB839B6-A726-42ED-80C4-CA1AFDD5FB4B}.Debug|Any CPU.ActiveCfg = Debug|Any CPU
		{5CB839B6-A726-42ED-80C4-CA1AFDD5FB4B}.Debug|Any CPU.Build.0 = Debug|Any CPU
		{5CB839B6-A726-42ED-80C4-CA1AFDD5FB4B}.Release|Any CPU.ActiveCfg = Release|Any CPU
		{5CB839B6-A726-42ED-80C4-CA1AFDD5FB4B}.Release|Any CPU.Build.0 = Release|Any CPU
		{44B25267-38FC-4778-909C-5B99CAF251DE}.Debug|Any CPU.ActiveCfg = Debug|Any CPU
		{44B25267-38FC-4778-909C-5B99CAF251DE}.Debug|Any CPU.Build.0 = Debug|Any CPU
		{44B25267-38FC-4778-909C-5B99CAF251DE}.Release|Any CPU.ActiveCfg = Release|Any CPU
		{44B25267-38FC-4778-909C-5B99CAF251DE}.Release|Any CPU.Build.0 = Release|Any CPU
		{E9A075C0-E313-4C82-9CD5-DEB3A7831F89}.Debug|Any CPU.ActiveCfg = Debug|Any CPU
		{E9A075C0-E313-4C82-9CD5-DEB3A7831F89}.Debug|Any CPU.Build.0 = Debug|Any CPU
		{E9A075C0-E313-4C82-9CD5-DEB3A7831F89}.Release|Any CPU.ActiveCfg = Release|Any CPU
		{E9A075C0-E313-4C82-9CD5-DEB3A7831F89}.Release|Any CPU.Build.0 = Release|Any CPU
		{634E27AF-3F73-48FC-9EEF-D08A54585B87}.Debug|Any CPU.ActiveCfg = Debug|Any CPU
		{634E27AF-3F73-48FC-9EEF-D08A54585B87}.Debug|Any CPU.Build.0 = Debug|Any CPU
		{634E27AF-3F73-48FC-9EEF-D08A54585B87}.Release|Any CPU.ActiveCfg = Release|Any CPU
		{634E27AF-3F73-48FC-9EEF-D08A54585B87}.Release|Any CPU.Build.0 = Release|Any CPU
		{3C64A4AF-5C47-4629-B6DD-4F19E607190F}.Debug|Any CPU.ActiveCfg = Debug|Any CPU
		{3C64A4AF-5C47-4629-B6DD-4F19E607190F}.Debug|Any CPU.Build.0 = Debug|Any CPU
		{3C64A4AF-5C47-4629-B6DD-4F19E607190F}.Release|Any CPU.ActiveCfg = Release|Any CPU
		{3C64A4AF-5C47-4629-B6DD-4F19E607190F}.Release|Any CPU.Build.0 = Release|Any CPU
		{9BA8FD78-63CE-43DE-A072-651D90F1BE92}.Debug|Any CPU.ActiveCfg = Debug|Any CPU
		{9BA8FD78-63CE-43DE-A072-651D90F1BE92}.Debug|Any CPU.Build.0 = Debug|Any CPU
		{9BA8FD78-63CE-43DE-A072-651D90F1BE92}.Release|Any CPU.ActiveCfg = Release|Any CPU
		{9BA8FD78-63CE-43DE-A072-651D90F1BE92}.Release|Any CPU.Build.0 = Release|Any CPU
		{35963FC3-6934-46E1-BCA7-01188D414A69}.Debug|Any CPU.ActiveCfg = Debug|Any CPU
		{35963FC3-6934-46E1-BCA7-01188D414A69}.Debug|Any CPU.Build.0 = Debug|Any CPU
		{35963FC3-6934-46E1-BCA7-01188D414A69}.Release|Any CPU.ActiveCfg = Release|Any CPU
		{35963FC3-6934-46E1-BCA7-01188D414A69}.Release|Any CPU.Build.0 = Release|Any CPU
	EndGlobalSection
	GlobalSection(SolutionProperties) = preSolution
		HideSolutionNode = FALSE
	EndGlobalSection
	GlobalSection(ExtensibilityGlobals) = postSolution
		SolutionGuid = {D10B0588-B740-49B1-A50B-A5A36BA22270}
	EndGlobalSection
EndGlobal
