
Microsoft Visual Studio Solution File, Format Version 12.00
# Visual Studio Version 16
VisualStudioVersion = 16.0.30503.244
MinimumVisualStudioVersion = 10.0.40219.1
Project("{FAE04EC0-301F-11D3-BF4B-00C04F79EFBC}") = "L9_0.Generic Box", "L9_0.Generic Box\L9_0.Generic Box.csproj", "{1F8E9EAE-7137-4003-9B38-4BA96C24322B}"
EndProject
Project("{FAE04EC0-301F-11D3-BF4B-00C04F79EFBC}") = "L9_1.Generic Box of String", "L9_1.Generic Box of String\L9_1.Generic Box of String.csproj", "{82E8D7E2-48FA-4FE7-A64A-0E7F4F9D78F1}"
EndProject
Project("{FAE04EC0-301F-11D3-BF4B-00C04F79EFBC}") = "L9_2.Generic Box of Integers", "L9_2.Generic Box of Integers\L9_2.Generic Box of Integers.csproj", "{7ED4F317-2697-40D4-848D-8FB845474E0C}"
EndProject
Project("{FAE04EC0-301F-11D3-BF4B-00C04F79EFBC}") = "L9_3.Generic Swap Method Strings", "L9_3.Generic Swap Method Strings\L9_3.Generic Swap Method Strings.csproj", "{7B8E19CD-E1D4-4F2C-8614-7333061F4DFC}"
EndProject
Project("{FAE04EC0-301F-11D3-BF4B-00C04F79EFBC}") = "L9_4.Generic Swap Method Integers", "L9_4.Generic Swap Method Integers\L9_4.Generic Swap Method Integers.csproj", "{4E1E8B20-105D-428F-ABE2-2EAA7A9E6500}"
EndProject
Project("{FAE04EC0-301F-11D3-BF4B-00C04F79EFBC}") = "L9_5.Generic Count Method Strings", "L9_5.Generic Count Method Strings\L9_5.Generic Count Method Strings.csproj", "{52BDB5B6-AE96-4EE8-BBF5-A4760948382E}"
EndProject
Global
	GlobalSection(SolutionConfigurationPlatforms) = preSolution
		Debug|Any CPU = Debug|Any CPU
		Release|Any CPU = Release|Any CPU
	EndGlobalSection
	GlobalSection(ProjectConfigurationPlatforms) = postSolution
		{1F8E9EAE-7137-4003-9B38-4BA96C24322B}.Debug|Any CPU.ActiveCfg = Debug|Any CPU
		{1F8E9EAE-7137-4003-9B38-4BA96C24322B}.Debug|Any CPU.Build.0 = Debug|Any CPU
		{1F8E9EAE-7137-4003-9B38-4BA96C24322B}.Release|Any CPU.ActiveCfg = Release|Any CPU
		{1F8E9EAE-7137-4003-9B38-4BA96C24322B}.Release|Any CPU.Build.0 = Release|Any CPU
		{82E8D7E2-48FA-4FE7-A64A-0E7F4F9D78F1}.Debug|Any CPU.ActiveCfg = Debug|Any CPU
		{82E8D7E2-48FA-4FE7-A64A-0E7F4F9D78F1}.Debug|Any CPU.Build.0 = Debug|Any CPU
		{82E8D7E2-48FA-4FE7-A64A-0E7F4F9D78F1}.Release|Any CPU.ActiveCfg = Release|Any CPU
		{82E8D7E2-48FA-4FE7-A64A-0E7F4F9D78F1}.Release|Any CPU.Build.0 = Release|Any CPU
		{7ED4F317-2697-40D4-848D-8FB845474E0C}.Debug|Any CPU.ActiveCfg = Debug|Any CPU
		{7ED4F317-2697-40D4-848D-8FB845474E0C}.Debug|Any CPU.Build.0 = Debug|Any CPU
		{7ED4F317-2697-40D4-848D-8FB845474E0C}.Release|Any CPU.ActiveCfg = Release|Any CPU
		{7ED4F317-2697-40D4-848D-8FB845474E0C}.Release|Any CPU.Build.0 = Release|Any CPU
		{7B8E19CD-E1D4-4F2C-8614-7333061F4DFC}.Debug|Any CPU.ActiveCfg = Debug|Any CPU
		{7B8E19CD-E1D4-4F2C-8614-7333061F4DFC}.Debug|Any CPU.Build.0 = Debug|Any CPU
		{7B8E19CD-E1D4-4F2C-8614-7333061F4DFC}.Release|Any CPU.ActiveCfg = Release|Any CPU
		{7B8E19CD-E1D4-4F2C-8614-7333061F4DFC}.Release|Any CPU.Build.0 = Release|Any CPU
		{4E1E8B20-105D-428F-ABE2-2EAA7A9E6500}.Debug|Any CPU.ActiveCfg = Debug|Any CPU
		{4E1E8B20-105D-428F-ABE2-2EAA7A9E6500}.Debug|Any CPU.Build.0 = Debug|Any CPU
		{4E1E8B20-105D-428F-ABE2-2EAA7A9E6500}.Release|Any CPU.ActiveCfg = Release|Any CPU
		{4E1E8B20-105D-428F-ABE2-2EAA7A9E6500}.Release|Any CPU.Build.0 = Release|Any CPU
		{52BDB5B6-AE96-4EE8-BBF5-A4760948382E}.Debug|Any CPU.ActiveCfg = Debug|Any CPU
		{52BDB5B6-AE96-4EE8-BBF5-A4760948382E}.Debug|Any CPU.Build.0 = Debug|Any CPU
		{52BDB5B6-AE96-4EE8-BBF5-A4760948382E}.Release|Any CPU.ActiveCfg = Release|Any CPU
		{52BDB5B6-AE96-4EE8-BBF5-A4760948382E}.Release|Any CPU.Build.0 = Release|Any CPU
	EndGlobalSection
	GlobalSection(SolutionProperties) = preSolution
		HideSolutionNode = FALSE
	EndGlobalSection
	GlobalSection(ExtensibilityGlobals) = postSolution
		SolutionGuid = {A52AFE26-1839-42C2-B158-0740E2B3ABC7}
	EndGlobalSection
EndGlobal
