
Microsoft Visual Studio Solution File, Format Version 12.00
# Visual Studio Version 16
VisualStudioVersion = 16.0.30503.244
MinimumVisualStudioVersion = 10.0.40219.1
Project("{FAE04EC0-301F-11D3-BF4B-00C04F79EFBC}") = "L8_1.MathOperation", "L8_1.MathOperation\L8_1.MathOperation.csproj", "{4A1B0B12-8B66-4AF9-AF8F-9F57909548CB}"
EndProject
Project("{FAE04EC0-301F-11D3-BF4B-00C04F79EFBC}") = "Animals", "Animals\Animals.csproj", "{D9C7B401-E250-4119-B0EB-166F1904B3F2}"
EndProject
Project("{FAE04EC0-301F-11D3-BF4B-00C04F79EFBC}") = "L8_3.Shapes", "L8_3.Shapes\L8_3.Shapes.csproj", "{91B3B9F7-DA60-4590-B27A-B068FBCFF12B}"
EndProject
Global
	GlobalSection(SolutionConfigurationPlatforms) = preSolution
		Debug|Any CPU = Debug|Any CPU
		Release|Any CPU = Release|Any CPU
	EndGlobalSection
	GlobalSection(ProjectConfigurationPlatforms) = postSolution
		{4A1B0B12-8B66-4AF9-AF8F-9F57909548CB}.Debug|Any CPU.ActiveCfg = Debug|Any CPU
		{4A1B0B12-8B66-4AF9-AF8F-9F57909548CB}.Debug|Any CPU.Build.0 = Debug|Any CPU
		{4A1B0B12-8B66-4AF9-AF8F-9F57909548CB}.Release|Any CPU.ActiveCfg = Release|Any CPU
		{4A1B0B12-8B66-4AF9-AF8F-9F57909548CB}.Release|Any CPU.Build.0 = Release|Any CPU
		{D9C7B401-E250-4119-B0EB-166F1904B3F2}.Debug|Any CPU.ActiveCfg = Debug|Any CPU
		{D9C7B401-E250-4119-B0EB-166F1904B3F2}.Debug|Any CPU.Build.0 = Debug|Any CPU
		{D9C7B401-E250-4119-B0EB-166F1904B3F2}.Release|Any CPU.ActiveCfg = Release|Any CPU
		{D9C7B401-E250-4119-B0EB-166F1904B3F2}.Release|Any CPU.Build.0 = Release|Any CPU
		{91B3B9F7-DA60-4590-B27A-B068FBCFF12B}.Debug|Any CPU.ActiveCfg = Debug|Any CPU
		{91B3B9F7-DA60-4590-B27A-B068FBCFF12B}.Debug|Any CPU.Build.0 = Debug|Any CPU
		{91B3B9F7-DA60-4590-B27A-B068FBCFF12B}.Release|Any CPU.ActiveCfg = Release|Any CPU
		{91B3B9F7-DA60-4590-B27A-B068FBCFF12B}.Release|Any CPU.Build.0 = Release|Any CPU
	EndGlobalSection
	GlobalSection(SolutionProperties) = preSolution
		HideSolutionNode = FALSE
	EndGlobalSection
	GlobalSection(ExtensibilityGlobals) = postSolution
		SolutionGuid = {88460B63-9ECC-4A8B-A3F2-8CDAA3F3EA8D}
	EndGlobalSection
EndGlobal
