
Microsoft Visual Studio Solution File, Format Version 12.00
# Visual Studio Version 16
VisualStudioVersion = 16.0.30413.136
MinimumVisualStudioVersion = 10.0.40219.1
Project("{9A19103F-16F7-4668-BE54-9A1E7A4F7556}") = "lab1_01", "lab1\lab1_01.csproj", "{9A6FA459-3C1C-477C-B477-E55A3B686D4F}"
EndProject
Project("{9A19103F-16F7-4668-BE54-9A1E7A4F7556}") = "lab1_02", "lab1_02\lab1_02.csproj", "{C83C2F92-534B-40A3-AAD3-9230B6529374}"
EndProject
Project("{9A19103F-16F7-4668-BE54-9A1E7A4F7556}") = "Lab1_03p8", "Lab1_03\Lab1_03p8.csproj", "{94A2DD04-0F7F-446E-AF90-E6BE40DBB49D}"
EndProject
Project("{9A19103F-16F7-4668-BE54-9A1E7A4F7556}") = "Lab1_03p9", "Lab1_03p9\Lab1_03p9.csproj", "{D918BFFC-2B9B-4A31-A356-0F3820B9DC48}"
EndProject
Project("{9A19103F-16F7-4668-BE54-9A1E7A4F7556}") = "Lab1_03p10", "Lab1_03p10\Lab1_03p10.csproj", "{FCB544D5-0C66-4D93-800E-11F54952EAA8}"
EndProject
Project("{9A19103F-16F7-4668-BE54-9A1E7A4F7556}") = "Lab1_03p11", "Lab1_03p11\Lab1_03p11.csproj", "{924037C1-01B1-4AD4-BDBD-A26A8E561DCA}"
EndProject
Project("{9A19103F-16F7-4668-BE54-9A1E7A4F7556}") = "Lab1_03p12", "Lab1_03p12\Lab1_03p12.csproj", "{B4C4ABC5-6C42-4178-A56C-CDB39332FACE}"
EndProject
Project("{9A19103F-16F7-4668-BE54-9A1E7A4F7556}") = "Lab1_03p13", "Lab1_03p13\Lab1_03p13.csproj", "{E844D554-2A11-4AA8-A0FB-11AAED80C637}"
EndProject
Project("{9A19103F-16F7-4668-BE54-9A1E7A4F7556}") = "Lab1_04p14", "Lab1_04p14\Lab1_04p14.csproj", "{6E3C0861-FE75-4088-B186-8489958BFDD0}"
EndProject
Project("{FAE04EC0-301F-11D3-BF4B-00C04F79EFBC}") = "Lab1_04p15", "Lab1_04p15\Lab1_04p15.csproj", "{C2462CA8-FC44-45BC-B9F9-803A8EB4C756}"
EndProject
Project("{FAE04EC0-301F-11D3-BF4B-00C04F79EFBC}") = "Lab1_04p16", "Lab1_04p16\Lab1_04p16.csproj", "{8FBD5565-F022-4ADC-90FB-896956F247DB}"
EndProject
Project("{FAE04EC0-301F-11D3-BF4B-00C04F79EFBC}") = "Lab1_05p17", "Lab1_05p17\Lab1_05p17.csproj", "{73CD8C0D-F2BF-401A-A06D-BE207B83C31C}"
EndProject
Global
	GlobalSection(SolutionConfigurationPlatforms) = preSolution
		Debug|Any CPU = Debug|Any CPU
		Release|Any CPU = Release|Any CPU
	EndGlobalSection
	GlobalSection(ProjectConfigurationPlatforms) = postSolution
		{9A6FA459-3C1C-477C-B477-E55A3B686D4F}.Debug|Any CPU.ActiveCfg = Debug|Any CPU
		{9A6FA459-3C1C-477C-B477-E55A3B686D4F}.Debug|Any CPU.Build.0 = Debug|Any CPU
		{9A6FA459-3C1C-477C-B477-E55A3B686D4F}.Release|Any CPU.ActiveCfg = Release|Any CPU
		{9A6FA459-3C1C-477C-B477-E55A3B686D4F}.Release|Any CPU.Build.0 = Release|Any CPU
		{C83C2F92-534B-40A3-AAD3-9230B6529374}.Debug|Any CPU.ActiveCfg = Debug|Any CPU
		{C83C2F92-534B-40A3-AAD3-9230B6529374}.Debug|Any CPU.Build.0 = Debug|Any CPU
		{C83C2F92-534B-40A3-AAD3-9230B6529374}.Release|Any CPU.ActiveCfg = Release|Any CPU
		{C83C2F92-534B-40A3-AAD3-9230B6529374}.Release|Any CPU.Build.0 = Release|Any CPU
		{94A2DD04-0F7F-446E-AF90-E6BE40DBB49D}.Debug|Any CPU.ActiveCfg = Debug|Any CPU
		{94A2DD04-0F7F-446E-AF90-E6BE40DBB49D}.Debug|Any CPU.Build.0 = Debug|Any CPU
		{94A2DD04-0F7F-446E-AF90-E6BE40DBB49D}.Release|Any CPU.ActiveCfg = Release|Any CPU
		{94A2DD04-0F7F-446E-AF90-E6BE40DBB49D}.Release|Any CPU.Build.0 = Release|Any CPU
		{D918BFFC-2B9B-4A31-A356-0F3820B9DC48}.Debug|Any CPU.ActiveCfg = Debug|Any CPU
		{D918BFFC-2B9B-4A31-A356-0F3820B9DC48}.Debug|Any CPU.Build.0 = Debug|Any CPU
		{D918BFFC-2B9B-4A31-A356-0F3820B9DC48}.Release|Any CPU.ActiveCfg = Release|Any CPU
		{D918BFFC-2B9B-4A31-A356-0F3820B9DC48}.Release|Any CPU.Build.0 = Release|Any CPU
		{FCB544D5-0C66-4D93-800E-11F54952EAA8}.Debug|Any CPU.ActiveCfg = Debug|Any CPU
		{FCB544D5-0C66-4D93-800E-11F54952EAA8}.Debug|Any CPU.Build.0 = Debug|Any CPU
		{FCB544D5-0C66-4D93-800E-11F54952EAA8}.Release|Any CPU.ActiveCfg = Release|Any CPU
		{FCB544D5-0C66-4D93-800E-11F54952EAA8}.Release|Any CPU.Build.0 = Release|Any CPU
		{924037C1-01B1-4AD4-BDBD-A26A8E561DCA}.Debug|Any CPU.ActiveCfg = Debug|Any CPU
		{924037C1-01B1-4AD4-BDBD-A26A8E561DCA}.Debug|Any CPU.Build.0 = Debug|Any CPU
		{924037C1-01B1-4AD4-BDBD-A26A8E561DCA}.Release|Any CPU.ActiveCfg = Release|Any CPU
		{924037C1-01B1-4AD4-BDBD-A26A8E561DCA}.Release|Any CPU.Build.0 = Release|Any CPU
		{B4C4ABC5-6C42-4178-A56C-CDB39332FACE}.Debug|Any CPU.ActiveCfg = Debug|Any CPU
		{B4C4ABC5-6C42-4178-A56C-CDB39332FACE}.Debug|Any CPU.Build.0 = Debug|Any CPU
		{B4C4ABC5-6C42-4178-A56C-CDB39332FACE}.Release|Any CPU.ActiveCfg = Release|Any CPU
		{B4C4ABC5-6C42-4178-A56C-CDB39332FACE}.Release|Any CPU.Build.0 = Release|Any CPU
		{E844D554-2A11-4AA8-A0FB-11AAED80C637}.Debug|Any CPU.ActiveCfg = Debug|Any CPU
		{E844D554-2A11-4AA8-A0FB-11AAED80C637}.Debug|Any CPU.Build.0 = Debug|Any CPU
		{E844D554-2A11-4AA8-A0FB-11AAED80C637}.Release|Any CPU.ActiveCfg = Release|Any CPU
		{E844D554-2A11-4AA8-A0FB-11AAED80C637}.Release|Any CPU.Build.0 = Release|Any CPU
		{6E3C0861-FE75-4088-B186-8489958BFDD0}.Debug|Any CPU.ActiveCfg = Debug|Any CPU
		{6E3C0861-FE75-4088-B186-8489958BFDD0}.Debug|Any CPU.Build.0 = Debug|Any CPU
		{6E3C0861-FE75-4088-B186-8489958BFDD0}.Release|Any CPU.ActiveCfg = Release|Any CPU
		{6E3C0861-FE75-4088-B186-8489958BFDD0}.Release|Any CPU.Build.0 = Release|Any CPU
		{C2462CA8-FC44-45BC-B9F9-803A8EB4C756}.Debug|Any CPU.ActiveCfg = Debug|Any CPU
		{C2462CA8-FC44-45BC-B9F9-803A8EB4C756}.Debug|Any CPU.Build.0 = Debug|Any CPU
		{C2462CA8-FC44-45BC-B9F9-803A8EB4C756}.Release|Any CPU.ActiveCfg = Release|Any CPU
		{C2462CA8-FC44-45BC-B9F9-803A8EB4C756}.Release|Any CPU.Build.0 = Release|Any CPU
		{8FBD5565-F022-4ADC-90FB-896956F247DB}.Debug|Any CPU.ActiveCfg = Debug|Any CPU
		{8FBD5565-F022-4ADC-90FB-896956F247DB}.Debug|Any CPU.Build.0 = Debug|Any CPU
		{8FBD5565-F022-4ADC-90FB-896956F247DB}.Release|Any CPU.ActiveCfg = Release|Any CPU
		{8FBD5565-F022-4ADC-90FB-896956F247DB}.Release|Any CPU.Build.0 = Release|Any CPU
		{73CD8C0D-F2BF-401A-A06D-BE207B83C31C}.Debug|Any CPU.ActiveCfg = Debug|Any CPU
		{73CD8C0D-F2BF-401A-A06D-BE207B83C31C}.Debug|Any CPU.Build.0 = Debug|Any CPU
		{73CD8C0D-F2BF-401A-A06D-BE207B83C31C}.Release|Any CPU.ActiveCfg = Release|Any CPU
		{73CD8C0D-F2BF-401A-A06D-BE207B83C31C}.Release|Any CPU.Build.0 = Release|Any CPU
	EndGlobalSection
	GlobalSection(SolutionProperties) = preSolution
		HideSolutionNode = FALSE
	EndGlobalSection
	GlobalSection(ExtensibilityGlobals) = postSolution
		SolutionGuid = {7564CAAF-55EC-4647-A283-42DE1E79E02D}
	EndGlobalSection
EndGlobal
