
Microsoft Visual Studio Solution File, Format Version 12.00
# Visual Studio Version 16
VisualStudioVersion = 16.0.30503.244
MinimumVisualStudioVersion = 10.0.40219.1
Project("{FAE04EC0-301F-11D3-BF4B-00C04F79EFBC}") = "L13_1_FullName", "L13_1_FullName\L13_1_FullName.csproj", "{912C7120-8566-4C2C-9C04-2B7CA762BC86}"
EndProject
Project("{FAE04EC0-301F-11D3-BF4B-00C04F79EFBC}") = "L13_2_PhoneNumber", "L13_2_PhoneNumber\L13_2_PhoneNumber.csproj", "{7710CD99-C9F9-42B8-B678-3DCC0A30B3A2}"
EndProject
Project("{FAE04EC0-301F-11D3-BF4B-00C04F79EFBC}") = "L13_3_SeriesOfLetters", "L13_3_SeriesOfLetters\L13_3_SeriesOfLetters.csproj", "{9C6F1943-A0CC-4F63-9F90-A45A3081DB13}"
EndProject
Project("{FAE04EC0-301F-11D3-BF4B-00C04F79EFBC}") = "L13_4_ReplaceTag", "L13_4_ReplaceTag\L13_4_ReplaceTag.csproj", "{49A0C885-CC69-4613-8E56-24C701EB0877}"
EndProject
Project("{FAE04EC0-301F-11D3-BF4B-00C04F79EFBC}") = "L13_5_Emails", "L13_5_Emails\L13_5_Emails.csproj", "{A53DD98D-19C2-4225-B43F-A70DD52178A8}"
EndProject
Project("{FAE04EC0-301F-11D3-BF4B-00C04F79EFBC}") = "L13_6_Sentence", "L13_6_Sentence\L13_6_Sentence.csproj", "{9B5B4CB1-C62C-427C-B8DA-128A47035C68}"
EndProject
Global
	GlobalSection(SolutionConfigurationPlatforms) = preSolution
		Debug|Any CPU = Debug|Any CPU
		Release|Any CPU = Release|Any CPU
	EndGlobalSection
	GlobalSection(ProjectConfigurationPlatforms) = postSolution
		{912C7120-8566-4C2C-9C04-2B7CA762BC86}.Debug|Any CPU.ActiveCfg = Debug|Any CPU
		{912C7120-8566-4C2C-9C04-2B7CA762BC86}.Debug|Any CPU.Build.0 = Debug|Any CPU
		{912C7120-8566-4C2C-9C04-2B7CA762BC86}.Release|Any CPU.ActiveCfg = Release|Any CPU
		{912C7120-8566-4C2C-9C04-2B7CA762BC86}.Release|Any CPU.Build.0 = Release|Any CPU
		{7710CD99-C9F9-42B8-B678-3DCC0A30B3A2}.Debug|Any CPU.ActiveCfg = Debug|Any CPU
		{7710CD99-C9F9-42B8-B678-3DCC0A30B3A2}.Debug|Any CPU.Build.0 = Debug|Any CPU
		{7710CD99-C9F9-42B8-B678-3DCC0A30B3A2}.Release|Any CPU.ActiveCfg = Release|Any CPU
		{7710CD99-C9F9-42B8-B678-3DCC0A30B3A2}.Release|Any CPU.Build.0 = Release|Any CPU
		{9C6F1943-A0CC-4F63-9F90-A45A3081DB13}.Debug|Any CPU.ActiveCfg = Debug|Any CPU
		{9C6F1943-A0CC-4F63-9F90-A45A3081DB13}.Debug|Any CPU.Build.0 = Debug|Any CPU
		{9C6F1943-A0CC-4F63-9F90-A45A3081DB13}.Release|Any CPU.ActiveCfg = Release|Any CPU
		{9C6F1943-A0CC-4F63-9F90-A45A3081DB13}.Release|Any CPU.Build.0 = Release|Any CPU
		{49A0C885-CC69-4613-8E56-24C701EB0877}.Debug|Any CPU.ActiveCfg = Debug|Any CPU
		{49A0C885-CC69-4613-8E56-24C701EB0877}.Debug|Any CPU.Build.0 = Debug|Any CPU
		{49A0C885-CC69-4613-8E56-24C701EB0877}.Release|Any CPU.ActiveCfg = Release|Any CPU
		{49A0C885-CC69-4613-8E56-24C701EB0877}.Release|Any CPU.Build.0 = Release|Any CPU
		{A53DD98D-19C2-4225-B43F-A70DD52178A8}.Debug|Any CPU.ActiveCfg = Debug|Any CPU
		{A53DD98D-19C2-4225-B43F-A70DD52178A8}.Debug|Any CPU.Build.0 = Debug|Any CPU
		{A53DD98D-19C2-4225-B43F-A70DD52178A8}.Release|Any CPU.ActiveCfg = Release|Any CPU
		{A53DD98D-19C2-4225-B43F-A70DD52178A8}.Release|Any CPU.Build.0 = Release|Any CPU
		{9B5B4CB1-C62C-427C-B8DA-128A47035C68}.Debug|Any CPU.ActiveCfg = Debug|Any CPU
		{9B5B4CB1-C62C-427C-B8DA-128A47035C68}.Debug|Any CPU.Build.0 = Debug|Any CPU
		{9B5B4CB1-C62C-427C-B8DA-128A47035C68}.Release|Any CPU.ActiveCfg = Release|Any CPU
		{9B5B4CB1-C62C-427C-B8DA-128A47035C68}.Release|Any CPU.Build.0 = Release|Any CPU
	EndGlobalSection
	GlobalSection(SolutionProperties) = preSolution
		HideSolutionNode = FALSE
	EndGlobalSection
	GlobalSection(ExtensibilityGlobals) = postSolution
		SolutionGuid = {656365E9-4294-4379-B246-2E4803CD3F05}
	EndGlobalSection
EndGlobal
