
Microsoft Visual Studio Solution File, Format Version 12.00
# Visual Studio Version 16
VisualStudioVersion = 16.0.30503.244
MinimumVisualStudioVersion = 10.0.40219.1
Project("{FAE04EC0-301F-11D3-BF4B-00C04F79EFBC}") = "L13_1_FullName", "L13_1_FullName\L13_1_FullName.csproj", "{912C7120-8566-4C2C-9C04-2B7CA762BC86}"
EndProject
Global
	GlobalSection(SolutionConfigurationPlatforms) = preSolution
		Debug|Any CPU = Debug|Any CPU
		Release|Any CPU = Release|Any CPU
	EndGlobalSection
	GlobalSection(ProjectConfigurationPlatforms) = postSolution
		{912C7120-8566-4C2C-9C04-2B7CA762BC86}.Debug|Any CPU.ActiveCfg = Debug|Any CPU
		{912C7120-8566-4C2C-9C04-2B7CA762BC86}.Debug|Any CPU.Build.0 = Debug|Any CPU
		{912C7120-8566-4C2C-9C04-2B7CA762BC86}.Release|Any CPU.ActiveCfg = Release|Any CPU
		{912C7120-8566-4C2C-9C04-2B7CA762BC86}.Release|Any CPU.Build.0 = Release|Any CPU
	EndGlobalSection
	GlobalSection(SolutionProperties) = preSolution
		HideSolutionNode = FALSE
	EndGlobalSection
	GlobalSection(ExtensibilityGlobals) = postSolution
		SolutionGuid = {656365E9-4294-4379-B246-2E4803CD3F05}
	EndGlobalSection
EndGlobal
