
Microsoft Visual Studio Solution File, Format Version 12.00
# Visual Studio Version 16
VisualStudioVersion = 16.0.30503.244
MinimumVisualStudioVersion = 10.0.40219.1
Project("{9A19103F-16F7-4668-BE54-9A1E7A4F7556}") = "lab3 - Creating Constructors", "Lab3\lab3 - Creating Constructors.csproj", "{5C38441B-70A9-4198-B4E1-0CC4E13A2AB6}"
EndProject
Project("{9A19103F-16F7-4668-BE54-9A1E7A4F7556}") = "lab3 - Oldest Family Member", "lab3 - Oldest Family Member\lab3 - Oldest Family Member.csproj", "{F78D8655-46DF-43A8-97D1-57903D277505}"
EndProject
Project("{FAE04EC0-301F-11D3-BF4B-00C04F79EFBC}") = "lab3-Opinion Poll", "lab3-Opinion Poll\lab3-Opinion Poll.csproj", "{8AF78392-DDBC-4976-B608-A8E1BE3C8885}"
EndProject
Project("{FAE04EC0-301F-11D3-BF4B-00C04F79EFBC}") = "lab3-Date Modifier", "lab3-Date Modifier\lab3-Date Modifier.csproj", "{EA023B0A-3455-4586-BB00-F582BEEB1B71}"
EndProject
Global
	GlobalSection(SolutionConfigurationPlatforms) = preSolution
		Debug|Any CPU = Debug|Any CPU
		Release|Any CPU = Release|Any CPU
	EndGlobalSection
	GlobalSection(ProjectConfigurationPlatforms) = postSolution
		{5C38441B-70A9-4198-B4E1-0CC4E13A2AB6}.Debug|Any CPU.ActiveCfg = Debug|Any CPU
		{5C38441B-70A9-4198-B4E1-0CC4E13A2AB6}.Debug|Any CPU.Build.0 = Debug|Any CPU
		{5C38441B-70A9-4198-B4E1-0CC4E13A2AB6}.Release|Any CPU.ActiveCfg = Release|Any CPU
		{5C38441B-70A9-4198-B4E1-0CC4E13A2AB6}.Release|Any CPU.Build.0 = Release|Any CPU
		{F78D8655-46DF-43A8-97D1-57903D277505}.Debug|Any CPU.ActiveCfg = Debug|Any CPU
		{F78D8655-46DF-43A8-97D1-57903D277505}.Debug|Any CPU.Build.0 = Debug|Any CPU
		{F78D8655-46DF-43A8-97D1-57903D277505}.Release|Any CPU.ActiveCfg = Release|Any CPU
		{F78D8655-46DF-43A8-97D1-57903D277505}.Release|Any CPU.Build.0 = Release|Any CPU
		{8AF78392-DDBC-4976-B608-A8E1BE3C8885}.Debug|Any CPU.ActiveCfg = Debug|Any CPU
		{8AF78392-DDBC-4976-B608-A8E1BE3C8885}.Debug|Any CPU.Build.0 = Debug|Any CPU
		{8AF78392-DDBC-4976-B608-A8E1BE3C8885}.Release|Any CPU.ActiveCfg = Release|Any CPU
		{8AF78392-DDBC-4976-B608-A8E1BE3C8885}.Release|Any CPU.Build.0 = Release|Any CPU
		{EA023B0A-3455-4586-BB00-F582BEEB1B71}.Debug|Any CPU.ActiveCfg = Debug|Any CPU
		{EA023B0A-3455-4586-BB00-F582BEEB1B71}.Debug|Any CPU.Build.0 = Debug|Any CPU
		{EA023B0A-3455-4586-BB00-F582BEEB1B71}.Release|Any CPU.ActiveCfg = Release|Any CPU
		{EA023B0A-3455-4586-BB00-F582BEEB1B71}.Release|Any CPU.Build.0 = Release|Any CPU
	EndGlobalSection
	GlobalSection(SolutionProperties) = preSolution
		HideSolutionNode = FALSE
	EndGlobalSection
	GlobalSection(ExtensibilityGlobals) = postSolution
		SolutionGuid = {5A72F0D2-2585-4015-8BA9-042532A3EC85}
	EndGlobalSection
EndGlobal
